
Microsoft Visual Studio Solution File, Format Version 12.00
# Visual Studio 15
VisualStudioVersion = 15.0.27703.2026
MinimumVisualStudioVersion = 10.0.40219.1
Project("{FAE04EC0-301F-11D3-BF4B-00C04F79EFBC}") = "KurYayAnaYapi", "KurYayAnaYapi\KurYayAnaYapi.csproj", "{7FA39A92-A1E5-4FE9-A16E-4F780A8F86AA}"
EndProject
Global
	GlobalSection(SolutionConfigurationPlatforms) = preSolution
		Debug|Any CPU = Debug|Any CPU
		Release|Any CPU = Release|Any CPU
	EndGlobalSection
	GlobalSection(ProjectConfigurationPlatforms) = postSolution
		{7FA39A92-A1E5-4FE9-A16E-4F780A8F86AA}.Debug|Any CPU.ActiveCfg = Debug|Any CPU
		{7FA39A92-A1E5-4FE9-A16E-4F780A8F86AA}.Debug|Any CPU.Build.0 = Debug|Any CPU
		{7FA39A92-A1E5-4FE9-A16E-4F780A8F86AA}.Release|Any CPU.ActiveCfg = Release|Any CPU
		{7FA39A92-A1E5-4FE9-A16E-4F780A8F86AA}.Release|Any CPU.Build.0 = Release|Any CPU
	EndGlobalSection
	GlobalSection(SolutionProperties) = preSolution
		HideSolutionNode = FALSE
	EndGlobalSection
	GlobalSection(ExtensibilityGlobals) = postSolution
		SolutionGuid = {204751FD-F77C-4464-AAA7-A0032417872E}
	EndGlobalSection
EndGlobal
